
Microsoft Visual Studio Solution File, Format Version 12.00
# Visual Studio Version 17
VisualStudioVersion = 17.5.002.0
MinimumVisualStudioVersion = 10.0.40219.1
Project("{9A19103F-16F7-4668-BE54-9A1E7A4F7556}") = "SampleApi", "SampleApi.csproj", "{15F30EDC-4621-43D0-A8FC-848E9C13885D}"
EndProject
Global
	GlobalSection(SolutionConfigurationPlatforms) = preSolution
		Debug|Any CPU = Debug|Any CPU
		Release|Any CPU = Release|Any CPU
	EndGlobalSection
	GlobalSection(ProjectConfigurationPlatforms) = postSolution
		{15F30EDC-4621-43D0-A8FC-848E9C13885D}.Debug|Any CPU.ActiveCfg = Debug|Any CPU
		{15F30EDC-4621-43D0-A8FC-848E9C13885D}.Debug|Any CPU.Build.0 = Debug|Any CPU
		{15F30EDC-4621-43D0-A8FC-848E9C13885D}.Release|Any CPU.ActiveCfg = Release|Any CPU
		{15F30EDC-4621-43D0-A8FC-848E9C13885D}.Release|Any CPU.Build.0 = Release|Any CPU
	EndGlobalSection
	GlobalSection(SolutionProperties) = preSolution
		HideSolutionNode = FALSE
	EndGlobalSection
	GlobalSection(ExtensibilityGlobals) = postSolution
		SolutionGuid = {98738487-2CBD-4FA3-97C7-52A526CB79EF}
	EndGlobalSection
EndGlobal
